Microsoft Visual Studio Solution File, Format Version 12.00
# Visual Studio Version 16
VisualStudioVersion = 16.0.29613.14
MinimumVisualStudioVersion = 10.0.40219.1
Project("{9A19103F-16F7-4668-BE54-9A1E7A4F7556}") = "PackTool", "PackTool\PackTool.csproj", "{64F3E4F4-7221-4DAC-B3FD-0B4CB66549B7}"
EndProject
Project("{FAE04EC0-301F-11D3-BF4B-00C04F79EFBC}") = "Cacher", "Cacher\Cacher.csproj", "{8B5C1E9B-61F0-48B0-8720-F5AE563995C1}"
EndProject
Global
	GlobalSection(SolutionConfigurationPlatforms) = preSolution
		Debug|Any CPU = Debug|Any CPU
		Release|Any CPU = Release|Any CPU
	EndGlobalSection
	GlobalSection(ProjectConfigurationPlatforms) = postSolution
		{64F3E4F4-7221-4DAC-B3FD-0B4CB66549B7}.Debug|Any CPU.ActiveCfg = Debug|Any CPU
		{64F3E4F4-7221-4DAC-B3FD-0B4CB66549B7}.Debug|Any CPU.Build.0 = Debug|Any CPU
		{64F3E4F4-7221-4DAC-B3FD-0B4CB66549B7}.Release|Any CPU.ActiveCfg = Release|Any CPU
		{64F3E4F4-7221-4DAC-B3FD-0B4CB66549B7}.Release|Any CPU.Build.0 = Release|Any CPU
		{8B5C1E9B-61F0-48B0-8720-F5AE563995C1}.Debug|Any CPU.ActiveCfg = Debug|Any CPU
		{8B5C1E9B-61F0-48B0-8720-F5AE563995C1}.Debug|Any CPU.Build.0 = Debug|Any CPU
		{8B5C1E9B-61F0-48B0-8720-F5AE563995C1}.Release|Any CPU.ActiveCfg = Release|Any CPU
		{8B5C1E9B-61F0-48B0-8720-F5AE563995C1}.Release|Any CPU.Build.0 = Release|Any CPU
	EndGlobalSection
	GlobalSection(SolutionProperties) = preSolution
		HideSolutionNode = FALSE
	EndGlobalSection
	GlobalSection(ExtensibilityGlobals) = postSolution
		SolutionGuid = {A931387D-FC28-43CA-8E1B-523229B7B98E}
	EndGlobalSection
EndGlobal
